
Microsoft Visual Studio Solution File, Format Version 12.00
# Visual Studio 15
VisualStudioVersion = 15.0.27703.2000
MinimumVisualStudioVersion = 10.0.40219.1
Project("{FAE04EC0-301F-11D3-BF4B-00C04F79EFBC}") = "CareerCloud.Pocos", "CareerCloud.Pocos\CareerCloud.Pocos.csproj", "{3E7F0F37-907B-438A-A808-432B27F50A23}"
EndProject
Project("{FAE04EC0-301F-11D3-BF4B-00C04F79EFBC}") = "CareerCloud.UnitTests.Assignment1", "CareerCloud.UnitTests.Assignment1\CareerCloud.UnitTests.Assignment1.csproj", "{0EF4F160-68B1-491A-925F-064D66EC3283}"
EndProject
Project("{FAE04EC0-301F-11D3-BF4B-00C04F79EFBC}") = "CareerCloud.DataAccessLayer", "CareerCloud.DataAccessLayer\CareerCloud.DataAccessLayer.csproj", "{47A60BD3-D16E-48A9-BC53-385E007B5981}"
EndProject
Project("{FAE04EC0-301F-11D3-BF4B-00C04F79EFBC}") = "CareerCloud.ADODataAccessLayer", "CareerCloud.ADODataAccessLayer\CareerCloud.ADODataAccessLayer.csproj", "{C4058AC0-B7A8-450D-BE03-3EEDDC68F9D2}"
EndProject
Project("{FAE04EC0-301F-11D3-BF4B-00C04F79EFBC}") = "CareerCloud.UnitTests.Assignment2", "CareerCloud.UnitTests.Assignment2\CareerCloud.UnitTests.Assignment2\CareerCloud.UnitTests.Assignment2.csproj", "{6E68DDCD-CDB9-4ABF-8DF3-57AE31F474E3}"
EndProject
Project("{FAE04EC0-301F-11D3-BF4B-00C04F79EFBC}") = "TestADOLayer", "TestADOLayer\TestADOLayer.csproj", "{236EB47D-F07A-4716-A54D-530E13CA907F}"
EndProject
Global
	GlobalSection(SolutionConfigurationPlatforms) = preSolution
		Debug|Any CPU = Debug|Any CPU
		Release|Any CPU = Release|Any CPU
	EndGlobalSection
	GlobalSection(ProjectConfigurationPlatforms) = postSolution
		{3E7F0F37-907B-438A-A808-432B27F50A23}.Debug|Any CPU.ActiveCfg = Debug|Any CPU
		{3E7F0F37-907B-438A-A808-432B27F50A23}.Debug|Any CPU.Build.0 = Debug|Any CPU
		{3E7F0F37-907B-438A-A808-432B27F50A23}.Release|Any CPU.ActiveCfg = Release|Any CPU
		{3E7F0F37-907B-438A-A808-432B27F50A23}.Release|Any CPU.Build.0 = Release|Any CPU
		{0EF4F160-68B1-491A-925F-064D66EC3283}.Debug|Any CPU.ActiveCfg = Debug|Any CPU
		{0EF4F160-68B1-491A-925F-064D66EC3283}.Debug|Any CPU.Build.0 = Debug|Any CPU
		{0EF4F160-68B1-491A-925F-064D66EC3283}.Release|Any CPU.ActiveCfg = Release|Any CPU
		{0EF4F160-68B1-491A-925F-064D66EC3283}.Release|Any CPU.Build.0 = Release|Any CPU
		{47A60BD3-D16E-48A9-BC53-385E007B5981}.Debug|Any CPU.ActiveCfg = Debug|Any CPU
		{47A60BD3-D16E-48A9-BC53-385E007B5981}.Debug|Any CPU.Build.0 = Debug|Any CPU
		{47A60BD3-D16E-48A9-BC53-385E007B5981}.Release|Any CPU.ActiveCfg = Release|Any CPU
		{47A60BD3-D16E-48A9-BC53-385E007B5981}.Release|Any CPU.Build.0 = Release|Any CPU
		{C4058AC0-B7A8-450D-BE03-3EEDDC68F9D2}.Debug|Any CPU.ActiveCfg = Debug|Any CPU
		{C4058AC0-B7A8-450D-BE03-3EEDDC68F9D2}.Debug|Any CPU.Build.0 = Debug|Any CPU
		{C4058AC0-B7A8-450D-BE03-3EEDDC68F9D2}.Release|Any CPU.ActiveCfg = Release|Any CPU
		{C4058AC0-B7A8-450D-BE03-3EEDDC68F9D2}.Release|Any CPU.Build.0 = Release|Any CPU
		{6E68DDCD-CDB9-4ABF-8DF3-57AE31F474E3}.Debug|Any CPU.ActiveCfg = Debug|Any CPU
		{6E68DDCD-CDB9-4ABF-8DF3-57AE31F474E3}.Debug|Any CPU.Build.0 = Debug|Any CPU
		{6E68DDCD-CDB9-4ABF-8DF3-57AE31F474E3}.Release|Any CPU.ActiveCfg = Release|Any CPU
		{6E68DDCD-CDB9-4ABF-8DF3-57AE31F474E3}.Release|Any CPU.Build.0 = Release|Any CPU
		{236EB47D-F07A-4716-A54D-530E13CA907F}.Debug|Any CPU.ActiveCfg = Debug|Any CPU
		{236EB47D-F07A-4716-A54D-530E13CA907F}.Debug|Any CPU.Build.0 = Debug|Any CPU
		{236EB47D-F07A-4716-A54D-530E13CA907F}.Release|Any CPU.ActiveCfg = Release|Any CPU
		{236EB47D-F07A-4716-A54D-530E13CA907F}.Release|Any CPU.Build.0 = Release|Any CPU
	EndGlobalSection
	GlobalSection(SolutionProperties) = preSolution
		HideSolutionNode = FALSE
	EndGlobalSection
	GlobalSection(ExtensibilityGlobals) = postSolution
		SolutionGuid = {DCBB14A7-75F1-446A-A2CA-D7CA4CA763B9}
	EndGlobalSection
EndGlobal
