
Microsoft Visual Studio Solution File, Format Version 12.00
# Visual Studio 15
VisualStudioVersion = 15.0.27703.2000
MinimumVisualStudioVersion = 10.0.40219.1
Project("{FAE04EC0-301F-11D3-BF4B-00C04F79EFBC}") = "CareerCloud.Pocos", "CareerCloud.Pocos\CareerCloud.Pocos.csproj", "{3E7F0F37-907B-438A-A808-432B27F50A23}"
EndProject
Project("{FAE04EC0-301F-11D3-BF4B-00C04F79EFBC}") = "CareerCloud.DataAccessLayer", "CareerCloud.DataAccessLayer\CareerCloud.DataAccessLayer.csproj", "{47A60BD3-D16E-48A9-BC53-385E007B5981}"
EndProject
Project("{FAE04EC0-301F-11D3-BF4B-00C04F79EFBC}") = "CareerCloud.ADODataAccessLayer", "CareerCloud.ADODataAccessLayer\CareerCloud.ADODataAccessLayer.csproj", "{C4058AC0-B7A8-450D-BE03-3EEDDC68F9D2}"
EndProject
Project("{FAE04EC0-301F-11D3-BF4B-00C04F79EFBC}") = "CareerCloud.BusinessLogicLayer", "CareerCloud.BusinessLogicLayer\CareerCloud.BusinessLogicLayer.csproj", "{47587835-8AEB-4E5F-BC58-1B10B07304AB}"
EndProject
Project("{FAE04EC0-301F-11D3-BF4B-00C04F79EFBC}") = "CareerCloud.EntityFrameworkDataAccess", "CareerCloud.EntityFrameworkDataAccess\CareerCloud.EntityFrameworkDataAccess.csproj", "{1A69C8DA-5DB3-4F90-AB37-E91E2A5F27C2}"
EndProject
Project("{FAE04EC0-301F-11D3-BF4B-00C04F79EFBC}") = "CareerCloud.WCF", "CareerCloud.WCF\CareerCloud.WCF.csproj", "{8619A472-F078-4DCA-BB93-39A4F9F98953}"
EndProject
Project("{FAE04EC0-301F-11D3-BF4B-00C04F79EFBC}") = "CareerCloud.UnitTests.Assignment5", "CareerCloud.UnitTests.Assignment5\CareerCloud.UnitTests.Assignment5.csproj", "{943928D9-1890-4404-A8AF-5FF14079C136}"
EndProject
Project("{FAE04EC0-301F-11D3-BF4B-00C04F79EFBC}") = "CareerCloud.WebAPI", "CareerCloud.WebAPI\CareerCloud.WebAPI.csproj", "{1EA77594-EF42-4086-878D-DEF7B101784D}"
EndProject
Global
	GlobalSection(SolutionConfigurationPlatforms) = preSolution
		Debug|Any CPU = Debug|Any CPU
		Release|Any CPU = Release|Any CPU
	EndGlobalSection
	GlobalSection(ProjectConfigurationPlatforms) = postSolution
		{3E7F0F37-907B-438A-A808-432B27F50A23}.Debug|Any CPU.ActiveCfg = Debug|Any CPU
		{3E7F0F37-907B-438A-A808-432B27F50A23}.Debug|Any CPU.Build.0 = Debug|Any CPU
		{3E7F0F37-907B-438A-A808-432B27F50A23}.Release|Any CPU.ActiveCfg = Release|Any CPU
		{3E7F0F37-907B-438A-A808-432B27F50A23}.Release|Any CPU.Build.0 = Release|Any CPU
		{47A60BD3-D16E-48A9-BC53-385E007B5981}.Debug|Any CPU.ActiveCfg = Debug|Any CPU
		{47A60BD3-D16E-48A9-BC53-385E007B5981}.Debug|Any CPU.Build.0 = Debug|Any CPU
		{47A60BD3-D16E-48A9-BC53-385E007B5981}.Release|Any CPU.ActiveCfg = Release|Any CPU
		{47A60BD3-D16E-48A9-BC53-385E007B5981}.Release|Any CPU.Build.0 = Release|Any CPU
		{C4058AC0-B7A8-450D-BE03-3EEDDC68F9D2}.Debug|Any CPU.ActiveCfg = Debug|Any CPU
		{C4058AC0-B7A8-450D-BE03-3EEDDC68F9D2}.Debug|Any CPU.Build.0 = Debug|Any CPU
		{C4058AC0-B7A8-450D-BE03-3EEDDC68F9D2}.Release|Any CPU.ActiveCfg = Release|Any CPU
		{C4058AC0-B7A8-450D-BE03-3EEDDC68F9D2}.Release|Any CPU.Build.0 = Release|Any CPU
		{47587835-8AEB-4E5F-BC58-1B10B07304AB}.Debug|Any CPU.ActiveCfg = Debug|Any CPU
		{47587835-8AEB-4E5F-BC58-1B10B07304AB}.Debug|Any CPU.Build.0 = Debug|Any CPU
		{47587835-8AEB-4E5F-BC58-1B10B07304AB}.Release|Any CPU.ActiveCfg = Release|Any CPU
		{47587835-8AEB-4E5F-BC58-1B10B07304AB}.Release|Any CPU.Build.0 = Release|Any CPU
		{1A69C8DA-5DB3-4F90-AB37-E91E2A5F27C2}.Debug|Any CPU.ActiveCfg = Debug|Any CPU
		{1A69C8DA-5DB3-4F90-AB37-E91E2A5F27C2}.Debug|Any CPU.Build.0 = Debug|Any CPU
		{1A69C8DA-5DB3-4F90-AB37-E91E2A5F27C2}.Release|Any CPU.ActiveCfg = Release|Any CPU
		{1A69C8DA-5DB3-4F90-AB37-E91E2A5F27C2}.Release|Any CPU.Build.0 = Release|Any CPU
		{8619A472-F078-4DCA-BB93-39A4F9F98953}.Debug|Any CPU.ActiveCfg = Debug|Any CPU
		{8619A472-F078-4DCA-BB93-39A4F9F98953}.Debug|Any CPU.Build.0 = Debug|Any CPU
		{8619A472-F078-4DCA-BB93-39A4F9F98953}.Release|Any CPU.ActiveCfg = Release|Any CPU
		{8619A472-F078-4DCA-BB93-39A4F9F98953}.Release|Any CPU.Build.0 = Release|Any CPU
		{943928D9-1890-4404-A8AF-5FF14079C136}.Debug|Any CPU.ActiveCfg = Debug|Any CPU
		{943928D9-1890-4404-A8AF-5FF14079C136}.Debug|Any CPU.Build.0 = Debug|Any CPU
		{943928D9-1890-4404-A8AF-5FF14079C136}.Release|Any CPU.ActiveCfg = Release|Any CPU
		{943928D9-1890-4404-A8AF-5FF14079C136}.Release|Any CPU.Build.0 = Release|Any CPU
		{1EA77594-EF42-4086-878D-DEF7B101784D}.Debug|Any CPU.ActiveCfg = Debug|Any CPU
		{1EA77594-EF42-4086-878D-DEF7B101784D}.Debug|Any CPU.Build.0 = Debug|Any CPU
		{1EA77594-EF42-4086-878D-DEF7B101784D}.Release|Any CPU.ActiveCfg = Release|Any CPU
		{1EA77594-EF42-4086-878D-DEF7B101784D}.Release|Any CPU.Build.0 = Release|Any CPU
	EndGlobalSection
	GlobalSection(SolutionProperties) = preSolution
		HideSolutionNode = FALSE
	EndGlobalSection
	GlobalSection(ExtensibilityGlobals) = postSolution
		SolutionGuid = {DCBB14A7-75F1-446A-A2CA-D7CA4CA763B9}
	EndGlobalSection
EndGlobal
